// !$*UTF8*$!
{
	archiveVersion = 1;
	classes = {
	};
	objectVersion = 56;
	objects = {

/* Begin PBXBuildFile section */
		8C3A0E272A89633400E0C1C6 /* AppDelegate.swift in Sources */ = {isa = PBXBuildFile; fileRef = 8C3A0E262A89633400E0C1C6 /* AppDelegate.swift */; };
		8C3A0E292A89633400E0C1C6 /* ContentView.swift in Sources */ = {isa = PBXBuildFile; fileRef = 8C3A0E282A89633400E0C1C6 /* ContentView.swift */; };
		8C3A0E2B2A89633400E0C1C6 /* Experience.rcproject in Sources */ = {isa = PBXBuildFile; fileRef = 8C3A0E2A2A89633400E0C1C6 /* Experience.rcproject */; };
		8C3A0E2D2A89633800E0C1C6 /* Assets.xcassets in Resources */ = {isa = PBXBuildFile; fileRef = 8C3A0E2C2A89633800E0C1C6 /* Assets.xcassets */; };
		8C3A0E302A89633800E0C1C6 /* Preview Assets.xcassets in Resources */ = {isa = PBXBuildFile; fileRef = 8C3A0E2F2A89633800E0C1C6 /* Preview Assets.xcassets */; };
		8C3A0E3A2A89633900E0C1C6 /* ARSampleToFaceAppTests.swift in Sources */ = {isa = PBXBuildFile; fileRef = 8C3A0E392A89633900E0C1C6 /* ARSampleToFaceAppTests.swift */; };
		8C3A0E442A89633900E0C1C6 /* ARSampleToFaceAppUITests.swift in Sources */ = {isa = PBXBuildFile; fileRef = 8C3A0E432A89633900E0C1C6 /* ARSampleToFaceAppUITests.swift */; };
		8C3A0E462A89633900E0C1C6 /* ARSampleToFaceAppUITestsLaunchTests.swift in Sources */ = {isa = PBXBuildFile; fileRef = 8C3A0E452A89633900E0C1C6 /* ARSampleToFaceAppUITestsLaunchTests.swift */; };
/* End PBXBuildFile section */

/* Begin PBXContainerItemProxy section */
		8C3A0E362A89633900E0C1C6 /* PBXContainerItemProxy */ = {
			isa = PBXContainerItemProxy;
			containerPortal = 8C3A0E1B2A89633400E0C1C6 /* Project object */;
			proxyType = 1;
			remoteGlobalIDString = 8C3A0E222A89633400E0C1C6;
			remoteInfo = ARSampleToFaceApp;
		};
		8C3A0E402A89633900E0C1C6 /* PBXContainerItemProxy */ = {
			isa = PBXContainerItemProxy;
			containerPortal = 8C3A0E1B2A89633400E0C1C6 /* Project object */;
			proxyType = 1;
			remoteGlobalIDString = 8C3A0E222A89633400E0C1C6;
			remoteInfo = ARSampleToFaceApp;
		};
/* End PBXContainerItemProxy section */

/* Begin PBXFileReference section */
		8C3A0E232A89633400E0C1C6 /* ARSampleToFaceApp.app */ = {isa = PBXFileReference; explicitFileType = wrapper.application; includeInIndex = 0; path = ARSampleToFaceApp.app; sourceTree = BUILT_PRODUCTS_DIR; };
		8C3A0E262A89633400E0C1C6 /* AppDelegate.swift */ = {isa = PBXFileReference; lastKnownFileType = sourcecode.swift; path = AppDelegate.swift; sourceTree = "<group>"; };
		8C3A0E282A89633400E0C1C6 /* ContentView.swift */ = {isa = PBXFileReference; lastKnownFileType = sourcecode.swift; path = ContentView.swift; sourceTree = "<group>"; };
		8C3A0E2A2A89633400E0C1C6 /* Experience.rcproject */ = {isa = PBXFileReference; lastKnownFileType = file.rcproject; path = Experience.rcproject; sourceTree = "<group>"; };
		8C3A0E2C2A89633800E0C1C6 /* Assets.xcassets */ = {isa = PBXFileReference; lastKnownFileType = folder.assetcatalog; path = Assets.xcassets; sourceTree = "<group>"; };
		8C3A0E2F2A89633800E0C1C6 /* Preview Assets.xcassets */ = {isa = PBXFileReference; lastKnownFileType = folder.assetcatalog; path = "Preview Assets.xcassets"; sourceTree = "<group>"; };
		8C3A0E352A89633900E0C1C6 /* ARSampleToFaceAppTests.xctest */ = {isa = PBXFileReference; explicitFileType = wrapper.cfbundle; includeInIndex = 0; path = ARSampleToFaceAppTests.xctest; sourceTree = BUILT_PRODUCTS_DIR; };
		8C3A0E392A89633900E0C1C6 /* ARSampleToFaceAppTests.swift */ = {isa = PBXFileReference; lastKnownFileType = sourcecode.swift; path = ARSampleToFaceAppTests.swift; sourceTree = "<group>"; };
		8C3A0E3F2A89633900E0C1C6 /* ARSampleToFaceAppUITests.xctest */ = {isa = PBXFileReference; explicitFileType = wrapper.cfbundle; includeInIndex = 0; path = ARSampleToFaceAppUITests.xctest; sourceTree = BUILT_PRODUCTS_DIR; };
		8C3A0E432A89633900E0C1C6 /* ARSampleToFaceAppUITests.swift */ = {isa = PBXFileReference; lastKnownFileType = sourcecode.swift; path = ARSampleToFaceAppUITests.swift; sourceTree = "<group>"; };
		8C3A0E452A89633900E0C1C6 /* ARSampleToFaceAppUITestsLaunchTests.swift */ = {isa = PBXFileReference; lastKnownFileType = sourcecode.swift; path = ARSampleToFaceAppUITestsLaunchTests.swift; sourceTree = "<group>"; };
/* End PBXFileReference section */

/* Begin PBXFrameworksBuildPhase section */
		8C3A0E202A89633400E0C1C6 /* Frameworks */ = {
			isa = PBXFrameworksBuildPhase;
			buildActionMask = 2147483647;
			files = (
			);
			runOnlyForDeploymentPostprocessing = 0;
		};
		8C3A0E322A89633900E0C1C6 /* Frameworks */ = {
			isa = PBXFrameworksBuildPhase;
			buildActionMask = 2147483647;
			files = (
			);
			runOnlyForDeploymentPostprocessing = 0;
		};
		8C3A0E3C2A89633900E0C1C6 /* Frameworks */ = {
			isa = PBXFrameworksBuildPhase;
			buildActionMask = 2147483647;
			files = (
			);
			runOnlyForDeploymentPostprocessing = 0;
		};
/* End PBXFrameworksBuildPhase section */

/* Begin PBXGroup section */
		8C3A0E1A2A89633400E0C1C6 = {
			isa = PBXGroup;
			children = (
				8C3A0E252A89633400E0C1C6 /* ARSampleToFaceApp */,
				8C3A0E382A89633900E0C1C6 /* ARSampleToFaceAppTests */,
				8C3A0E422A89633900E0C1C6 /* ARSampleToFaceAppUITests */,
				8C3A0E242A89633400E0C1C6 /* Products */,
			);
			sourceTree = "<group>";
		};
		8C3A0E242A89633400E0C1C6 /* Products */ = {
			isa = PBXGroup;
			children = (
				8C3A0E232A89633400E0C1C6 /* ARSampleToFaceApp.app */,
				8C3A0E352A89633900E0C1C6 /* ARSampleToFaceAppTests.xctest */,
				8C3A0E3F2A89633900E0C1C6 /* ARSampleToFaceAppUITests.xctest */,
			);
			name = Products;
			sourceTree = "<group>";
		};
		8C3A0E252A89633400E0C1C6 /* ARSampleToFaceApp */ = {
			isa = PBXGroup;
			children = (
				8C3A0E262A89633400E0C1C6 /* AppDelegate.swift */,
				8C3A0E282A89633400E0C1C6 /* ContentView.swift */,
				8C3A0E2A2A89633400E0C1C6 /* Experience.rcproject */,
				8C3A0E2C2A89633800E0C1C6 /* Assets.xcassets */,
				8C3A0E2E2A89633800E0C1C6 /* Preview Content */,
			);
			path = ARSampleToFaceApp;
			sourceTree = "<group>";
		};
		8C3A0E2E2A89633800E0C1C6 /* Preview Content */ = {
			isa = PBXGroup;
			children = (
				8C3A0E2F2A89633800E0C1C6 /* Preview Assets.xcassets */,
			);
			path = "Preview Content";
			sourceTree = "<group>";
		};
		8C3A0E382A89633900E0C1C6 /* ARSampleToFaceAppTests */ = {
			isa = PBXGroup;
			children = (
				8C3A0E392A89633900E0C1C6 /* ARSampleToFaceAppTests.swift */,
			);
			path = ARSampleToFaceAppTests;
			sourceTree = "<group>";
		};
		8C3A0E422A89633900E0C1C6 /* ARSampleToFaceAppUITests */ = {
			isa = PBXGroup;
			children = (
				8C3A0E432A89633900E0C1C6 /* ARSampleToFaceAppUITests.swift */,
				8C3A0E452A89633900E0C1C6 /* ARSampleToFaceAppUITestsLaunchTests.swift */,
			);
			path = ARSampleToFaceAppUITests;
			sourceTree = "<group>";
		};
/* End PBXGroup section */

/* Begin PBXNativeTarget section */
		8C3A0E222A89633400E0C1C6 /* ARSampleToFaceApp */ = {
			isa = PBXNativeTarget;
			buildConfigurationList = 8C3A0E492A89633900E0C1C6 /* Build configuration list for PBXNativeTarget "ARSampleToFaceApp" */;
			buildPhases = (
				8C3A0E1F2A89633400E0C1C6 /* Sources */,
				8C3A0E202A89633400E0C1C6 /* Frameworks */,
				8C3A0E212A89633400E0C1C6 /* Resources */,
			);
			buildRules = (
			);
			dependencies = (
			);
			name = ARSampleToFaceApp;
			productName = ARSampleToFaceApp;
			productReference = 8C3A0E232A89633400E0C1C6 /* ARSampleToFaceApp.app */;
			productType = "com.apple.product-type.application";
		};
		8C3A0E342A89633900E0C1C6 /* ARSampleToFaceAppTests */ = {
			isa = PBXNativeTarget;
			buildConfigurationList = 8C3A0E4C2A89633900E0C1C6 /* Build configuration list for PBXNativeTarget "ARSampleToFaceAppTests" */;
			buildPhases = (
				8C3A0E312A89633900E0C1C6 /* Sources */,
				8C3A0E322A89633900E0C1C6 /* Frameworks */,
				8C3A0E332A89633900E0C1C6 /* Resources */,
			);
			buildRules = (
			);
			dependencies = (
				8C3A0E372A89633900E0C1C6 /* PBXTargetDependency */,
			);
			name = ARSampleToFaceAppTests;
			productName = ARSampleToFaceAppTests;
			productReference = 8C3A0E352A89633900E0C1C6 /* ARSampleToFaceAppTests.xctest */;
			productType = "com.apple.product-type.bundle.unit-test";
		};
		8C3A0E3E2A89633900E0C1C6 /* ARSampleToFaceAppUITests */ = {
			isa = PBXNativeTarget;
			buildConfigurationList = 8C3A0E4F2A89633900E0C1C6 /* Build configuration list for PBXNativeTarget "ARSampleToFaceAppUITests" */;
			buildPhases = (
				8C3A0E3B2A89633900E0C1C6 /* Sources */,
				8C3A0E3C2A89633900E0C1C6 /* Frameworks */,
				8C3A0E3D2A89633900E0C1C6 /* Resources */,
			);
			buildRules = (
			);
			dependencies = (
				8C3A0E412A89633900E0C1C6 /* PBXTargetDependency */,
			);
			name = ARSampleToFaceAppUITests;
			productName = ARSampleToFaceAppUITests;
			productReference = 8C3A0E3F2A89633900E0C1C6 /* ARSampleToFaceAppUITests.xctest */;
			productType = "com.apple.product-type.bundle.ui-testing";
		};
/* End PBXNativeTarget section */

/* Begin PBXProject section */
		8C3A0E1B2A89633400E0C1C6 /* Project object */ = {
			isa = PBXProject;
			attributes = {
				BuildIndependentTargetsInParallel = 1;
				LastSwiftUpdateCheck = 1430;
				LastUpgradeCheck = 1430;
				TargetAttributes = {
					8C3A0E222A89633400E0C1C6 = {
						CreatedOnToolsVersion = 14.3.1;
					};
					8C3A0E342A89633900E0C1C6 = {
						CreatedOnToolsVersion = 14.3.1;
						TestTargetID = 8C3A0E222A89633400E0C1C6;
					};
					8C3A0E3E2A89633900E0C1C6 = {
						CreatedOnToolsVersion = 14.3.1;
						TestTargetID = 8C3A0E222A89633400E0C1C6;
					};
				};
			};
			buildConfigurationList = 8C3A0E1E2A89633400E0C1C6 /* Build configuration list for PBXProject "ARSampleToFaceApp" */;
			compatibilityVersion = "Xcode 14.0";
			developmentRegion = en;
			hasScannedForEncodings = 0;
			knownRegions = (
				en,
				Base,
			);
			mainGroup = 8C3A0E1A2A89633400E0C1C6;
			productRefGroup = 8C3A0E242A89633400E0C1C6 /* Products */;
			projectDirPath = "";
			projectRoot = "";
			targets = (
				8C3A0E222A89633400E0C1C6 /* ARSampleToFaceApp */,
				8C3A0E342A89633900E0C1C6 /* ARSampleToFaceAppTests */,
				8C3A0E3E2A89633900E0C1C6 /* ARSampleToFaceAppUITests */,
			);
		};
/* End PBXProject section */

/* Begin PBXResourcesBuildPhase section */
		8C3A0E212A89633400E0C1C6 /* Resources */ = {
			isa = PBXResourcesBuildPhase;
			buildActionMask = 2147483647;
			files = (
				8C3A0E302A89633800E0C1C6 /* Preview Assets.xcassets in Resources */,
				8C3A0E2D2A89633800E0C1C6 /* Assets.xcassets in Resources */,
			);
			runOnlyForDeploymentPostprocessing = 0;
		};
		8C3A0E332A89633900E0C1C6 /* Resources */ = {
			isa = PBXResourcesBuildPhase;
			buildActionMask = 2147483647;
			files = (
			);
			runOnlyForDeploymentPostprocessing = 0;
		};
		8C3A0E3D2A89633900E0C1C6 /* Resources */ = {
			isa = PBXResourcesBuildPhase;
			buildActionMask = 2147483647;
			files = (
			);
			runOnlyForDeploymentPostprocessing = 0;
		};
/* End PBXResourcesBuildPhase section */

/* Begin PBXSourcesBuildPhase section */
		8C3A0E1F2A89633400E0C1C6 /* Sources */ = {
			isa = PBXSourcesBuildPhase;
			buildActionMask = 2147483647;
			files = (
				8C3A0E292A89633400E0C1C6 /* ContentView.swift in Sources */,
				8C3A0E272A89633400E0C1C6 /* AppDelegate.swift in Sources */,
				8C3A0E2B2A89633400E0C1C6 /* Experience.rcproject in Sources */,
			);
			runOnlyForDeploymentPostprocessing = 0;
		};
		8C3A0E312A89633900E0C1C6 /* Sources */ = {
			isa = PBXSourcesBuildPhase;
			buildActionMask = 2147483647;
			files = (
				8C3A0E3A2A89633900E0C1C6 /* ARSampleToFaceAppTests.swift in Sources */,
			);
			runOnlyForDeploymentPostprocessing = 0;
		};
		8C3A0E3B2A89633900E0C1C6 /* Sources */ = {
			isa = PBXSourcesBuildPhase;
			buildActionMask = 2147483647;
			files = (
				8C3A0E442A89633900E0C1C6 /* ARSampleToFaceAppUITests.swift in Sources */,
				8C3A0E462A89633900E0C1C6 /* ARSampleToFaceAppUITestsLaunchTests.swift in Sources */,
			);
			runOnlyForDeploymentPostprocessing = 0;
		};
/* End PBXSourcesBuildPhase section */

/* Begin PBXTargetDependency section */
		8C3A0E372A89633900E0C1C6 /* PBXTargetDependency */ = {
			isa = PBXTargetDependency;
			target = 8C3A0E222A89633400E0C1C6 /* ARSampleToFaceApp */;
			targetProxy = 8C3A0E362A89633900E0C1C6 /* PBXContainerItemProxy */;
		};
		8C3A0E412A89633900E0C1C6 /* PBXTargetDependency */ = {
			isa = PBXTargetDependency;
			target = 8C3A0E222A89633400E0C1C6 /* ARSampleToFaceApp */;
			targetProxy = 8C3A0E402A89633900E0C1C6 /* PBXContainerItemProxy */;
		};
/* End PBXTargetDependency section */

/* Begin XCBuildConfiguration section */
		8C3A0E472A89633900E0C1C6 /* Debug */ = {
			isa = XCBuildConfiguration;
			buildSettings = {
				ALWAYS_SEARCH_USER_PATHS = NO;
				CLANG_ANALYZER_NONNULL = YES;
				CLANG_ANALYZER_NUMBER_OBJECT_CONVERSION = YES_AGGRESSIVE;
				CLANG_CXX_LANGUAGE_STANDARD = "gnu++20";
				CLANG_ENABLE_MODULES = YES;
				CLANG_ENABLE_OBJC_ARC = YES;
				CLANG_ENABLE_OBJC_WEAK = YES;
				CLANG_WARN_BLOCK_CAPTURE_AUTORELEASING = YES;
				CLANG_WARN_BOOL_CONVERSION = YES;
				CLANG_WARN_COMMA = YES;
				CLANG_WARN_CONSTANT_CONVERSION = YES;
				CLANG_WARN_DEPRECATED_OBJC_IMPLEMENTATIONS = YES;
				CLANG_WARN_DIRECT_OBJC_ISA_USAGE = YES_ERROR;
				CLANG_WARN_DOCUMENTATION_COMMENTS = YES;
				CLANG_WARN_EMPTY_BODY = YES;
				CLANG_WARN_ENUM_CONVERSION = YES;
				CLANG_WARN_INFINITE_RECURSION = YES;
				CLANG_WARN_INT_CONVERSION = YES;
				CLANG_WARN_NON_LITERAL_NULL_CONVERSION = YES;
				CLANG_WARN_OBJC_IMPLICIT_RETAIN_SELF = YES;
				CLANG_WARN_OBJC_LITERAL_CONVERSION = YES;
				CLANG_WARN_OBJC_ROOT_CLASS = YES_ERROR;
				CLANG_WARN_QUOTED_INCLUDE_IN_FRAMEWORK_HEADER = YES;
				CLANG_WARN_RANGE_LOOP_ANALYSIS = YES;
				CLANG_WARN_STRICT_PROTOTYPES = YES;
				CLANG_WARN_SUSPICIOUS_MOVE = YES;
				CLANG_WARN_UNGUARDED_AVAILABILITY = YES_AGGRESSIVE;
				CLANG_WARN_UNREACHABLE_CODE = YES;
				CLANG_WARN__DUPLICATE_METHOD_MATCH = YES;
				COPY_PHASE_STRIP = NO;
				DEBUG_INFORMATION_FORMAT = dwarf;
				ENABLE_STRICT_OBJC_MSGSEND = YES;
				ENABLE_TESTABILITY = YES;
				GCC_C_LANGUAGE_STANDARD = gnu11;
				GCC_DYNAMIC_NO_PIC = NO;
				GCC_NO_COMMON_BLOCKS = YES;
				GCC_OPTIMIZATION_LEVEL = 0;
				GCC_PREPROCESSOR_DEFINITIONS = (
					"DEBUG=1",
					"$(inherited)",
				);
				GCC_WARN_64_TO_32_BIT_CONVERSION = YES;
				GCC_WARN_ABOUT_RETURN_TYPE = YES_ERROR;
				GCC_WARN_UNDECLARED_SELECTOR = YES;
				GCC_WARN_UNINITIALIZED_AUTOS = YES_AGGRESSIVE;
				GCC_WARN_UNUSED_FUNCTION = YES;
				GCC_WARN_UNUSED_VARIABLE = YES;
				IPHONEOS_DEPLOYMENT_TARGET = 16.4;
				MTL_ENABLE_DEBUG_INFO = INCLUDE_SOURCE;
				MTL_FAST_MATH = YES;
				ONLY_ACTIVE_ARCH = YES;
				SDKROOT = iphoneos;
				SWIFT_ACTIVE_COMPILATION_CONDITIONS = DEBUG;
				SWIFT_OPTIMIZATION_LEVEL = "-Onone";
			};
			name = Debug;
		};
		8C3A0E482A89633900E0C1C6 /* Release */ = {
			isa = XCBuildConfiguration;
			buildSettings = {
				ALWAYS_SEARCH_USER_PATHS = NO;
				CLANG_ANALYZER_NONNULL = YES;
				CLANG_ANALYZER_NUMBER_OBJECT_CONVERSION = YES_AGGRESSIVE;
				CLANG_CXX_LANGUAGE_STANDARD = "gnu++20";
				CLANG_ENABLE_MODULES = YES;
				CLANG_ENABLE_OBJC_ARC = YES;
				CLANG_ENABLE_OBJC_WEAK = YES;
				CLANG_WARN_BLOCK_CAPTURE_AUTORELEASING = YES;
				CLANG_WARN_BOOL_CONVERSION = YES;
				CLANG_WARN_COMMA = YES;
				CLANG_WARN_CONSTANT_CONVERSION = YES;
				CLANG_WARN_DEPRECATED_OBJC_IMPLEMENTATIONS = YES;
				CLANG_WARN_DIRECT_OBJC_ISA_USAGE = YES_ERROR;
				CLANG_WARN_DOCUMENTATION_COMMENTS = YES;
				CLANG_WARN_EMPTY_BODY = YES;
				CLANG_WARN_ENUM_CONVERSION = YES;
				CLANG_WARN_INFINITE_RECURSION = YES;
				CLANG_WARN_INT_CONVERSION = YES;
				CLANG_WARN_NON_LITERAL_NULL_CONVERSION = YES;
				CLANG_WARN_OBJC_IMPLICIT_RETAIN_SELF = YES;
				CLANG_WARN_OBJC_LITERAL_CONVERSION = YES;
				CLANG_WARN_OBJC_ROOT_CLASS = YES_ERROR;
				CLANG_WARN_QUOTED_INCLUDE_IN_FRAMEWORK_HEADER = YES;
				CLANG_WARN_RANGE_LOOP_ANALYSIS = YES;
				CLANG_WARN_STRICT_PROTOTYPES = YES;
				CLANG_WARN_SUSPICIOUS_MOVE = YES;
				CLANG_WARN_UNGUARDED_AVAILABILITY = YES_AGGRESSIVE;
				CLANG_WARN_UNREACHABLE_CODE = YES;
				CLANG_WARN__DUPLICATE_METHOD_MATCH = YES;
				COPY_PHASE_STRIP = NO;
				DEBUG_INFORMATION_FORMAT = "dwarf-with-dsym";
				ENABLE_NS_ASSERTIONS = NO;
				ENABLE_STRICT_OBJC_MSGSEND = YES;
				GCC_C_LANGUAGE_STANDARD = gnu11;
				GCC_NO_COMMON_BLOCKS = YES;
				GCC_WARN_64_TO_32_BIT_CONVERSION = YES;
				GCC_WARN_ABOUT_RETURN_TYPE = YES_ERROR;
				GCC_WARN_UNDECLARED_SELECTOR = YES;
				GCC_WARN_UNINITIALIZED_AUTOS = YES_AGGRESSIVE;
				GCC_WARN_UNUSED_FUNCTION = YES;
				GCC_WARN_UNUSED_VARIABLE = YES;
				IPHONEOS_DEPLOYMENT_TARGET = 16.4;
				MTL_ENABLE_DEBUG_INFO = NO;
				MTL_FAST_MATH = YES;
				SDKROOT = iphoneos;
				SWIFT_COMPILATION_MODE = wholemodule;
				SWIFT_OPTIMIZATION_LEVEL = "-O";
				VALIDATE_PRODUCT = YES;
			};
			name = Release;
		};
		8C3A0E4A2A89633900E0C1C6 /* Debug */ = {
			isa = XCBuildConfiguration;
			buildSettings = {
				ASSETCATALOG_COMPILER_APPICON_NAME = AppIcon;
				ASSETCATALOG_COMPILER_GLOBAL_ACCENT_COLOR_NAME = AccentColor;
				CODE_SIGN_STYLE = Automatic;
				CURRENT_PROJECT_VERSION = 1;
				DEVELOPMENT_ASSET_PATHS = "\"ARSampleToFaceApp/Preview Content\"";
				DEVELOPMENT_TEAM = 4VA5NBL27P;
				ENABLE_PREVIEWS = YES;
				GENERATE_INFOPLIST_FILE = YES;
				INFOPLIST_KEY_NSCameraUsageDescription = "";
				INFOPLIST_KEY_UIApplicationSupportsIndirectInputEvents = YES;
				INFOPLIST_KEY_UILaunchScreen_Generation = YES;
				INFOPLIST_KEY_UIRequiredDeviceCapabilities = arkit;
				INFOPLIST_KEY_UIStatusBarHidden = YES;
				INFOPLIST_KEY_UISupportedInterfaceOrientations_iPad = "UIInterfaceOrientationPortrait UIInterfaceOrientationPortraitUpsideDown UIInterfaceOrientationLandscapeLeft UIInterfaceOrientationLandscapeRight";
				INFOPLIST_KEY_UISupportedInterfaceOrientations_iPhone = "UIInterfaceOrientationPortrait UIInterfaceOrientationLandscapeLeft UIInterfaceOrientationLandscapeRight";
				LD_RUNPATH_SEARCH_PATHS = (
					"$(inherited)",
					"@executable_path/Frameworks",
				);
				MARKETING_VERSION = 1.0;
				PRODUCT_BUNDLE_IDENTIFIER = com.gmail.tukareta.nori.ARSampleToFaceApp;
				PRODUCT_NAME = "$(TARGET_NAME)";
				SWIFT_EMIT_LOC_STRINGS = YES;
				SWIFT_VERSION = 5.0;
				TARGETED_DEVICE_FAMILY = "1,2";
			};
			name = Debug;
		};
		8C3A0E4B2A89633900E0C1C6 /* Release */ = {
			isa = XCBuildConfiguration;
			buildSettings = {
				ASSETCATALOG_COMPILER_APPICON_NAME = AppIcon;
				ASSETCATALOG_COMPILER_GLOBAL_ACCENT_COLOR_NAME = AccentColor;
				CODE_SIGN_STYLE = Automatic;
				CURRENT_PROJECT_VERSION = 1;
				DEVELOPMENT_ASSET_PATHS = "\"ARSampleToFaceApp/Preview Content\"";
				DEVELOPMENT_TEAM = 4VA5NBL27P;
				ENABLE_PREVIEWS = YES;
				GENERATE_INFOPLIST_FILE = YES;
				INFOPLIST_KEY_NSCameraUsageDescription = "";
				INFOPLIST_KEY_UIApplicationSupportsIndirectInputEvents = YES;
				INFOPLIST_KEY_UILaunchScreen_Generation = YES;
				INFOPLIST_KEY_UIRequiredDeviceCapabilities = arkit;
				INFOPLIST_KEY_UIStatusBarHidden = YES;
				INFOPLIST_KEY_UISupportedInterfaceOrientations_iPad = "UIInterfaceOrientationPortrait UIInterfaceOrientationPortraitUpsideDown UIInterfaceOrientationLandscapeLeft UIInterfaceOrientationLandscapeRight";
				INFOPLIST_KEY_UISupportedInterfaceOrientations_iPhone = "UIInterfaceOrientationPortrait UIInterfaceOrientationLandscapeLeft UIInterfaceOrientationLandscapeRight";
				LD_RUNPATH_SEARCH_PATHS = (
					"$(inherited)",
					"@executable_path/Frameworks",
				);
				MARKETING_VERSION = 1.0;
				PRODUCT_BUNDLE_IDENTIFIER = com.gmail.tukareta.nori.ARSampleToFaceApp;
				PRODUCT_NAME = "$(TARGET_NAME)";
				SWIFT_EMIT_LOC_STRINGS = YES;
				SWIFT_VERSION = 5.0;
				TARGETED_DEVICE_FAMILY = "1,2";
			};
			name = Release;
		};
		8C3A0E4D2A89633900E0C1C6 /* Debug */ = {
			isa = XCBuildConfiguration;
			buildSettings = {
				ALWAYS_EMBED_SWIFT_STANDARD_LIBRARIES = YES;
				BUNDLE_LOADER = "$(TEST_HOST)";
				CODE_SIGN_STYLE = Automatic;
				CURRENT_PROJECT_VERSION = 1;
				DEVELOPMENT_TEAM = 4VA5NBL27P;
				GENERATE_INFOPLIST_FILE = YES;
				IPHONEOS_DEPLOYMENT_TARGET = 16.4;
				MARKETING_VERSION = 1.0;
				PRODUCT_BUNDLE_IDENTIFIER = com.gmail.tukareta.nori.ARSampleToFaceAppTests;
				PRODUCT_NAME = "$(TARGET_NAME)";
				SWIFT_EMIT_LOC_STRINGS = NO;
				SWIFT_VERSION = 5.0;
				TARGETED_DEVICE_FAMILY = "1,2";
				TEST_HOST = "$(BUILT_PRODUCTS_DIR)/ARSampleToFaceApp.app/$(BUNDLE_EXECUTABLE_FOLDER_PATH)/ARSampleToFaceApp";
			};
			name = Debug;
		};
		8C3A0E4E2A89633900E0C1C6 /* Release */ = {
			isa = XCBuildConfiguration;
			buildSettings = {
				ALWAYS_EMBED_SWIFT_STANDARD_LIBRARIES = YES;
				BUNDLE_LOADER = "$(TEST_HOST)";
				CODE_SIGN_STYLE = Automatic;
				CURRENT_PROJECT_VERSION = 1;
				DEVELOPMENT_TEAM = 4VA5NBL27P;
				GENERATE_INFOPLIST_FILE = YES;
				IPHONEOS_DEPLOYMENT_TARGET = 16.4;
				MARKETING_VERSION = 1.0;
				PRODUCT_BUNDLE_IDENTIFIER = com.gmail.tukareta.nori.ARSampleToFaceAppTests;
				PRODUCT_NAME = "$(TARGET_NAME)";
				SWIFT_EMIT_LOC_STRINGS = NO;
				SWIFT_VERSION = 5.0;
				TARGETED_DEVICE_FAMILY = "1,2";
				TEST_HOST = "$(BUILT_PRODUCTS_DIR)/ARSampleToFaceApp.app/$(BUNDLE_EXECUTABLE_FOLDER_PATH)/ARSampleToFaceApp";
			};
			name = Release;
		};
		8C3A0E502A89633900E0C1C6 /* Debug */ = {
			isa = XCBuildConfiguration;
			buildSettings = {
				ALWAYS_EMBED_SWIFT_STANDARD_LIBRARIES = YES;
				CODE_SIGN_STYLE = Automatic;
				CURRENT_PROJECT_VERSION = 1;
				DEVELOPMENT_TEAM = 4VA5NBL27P;
				GENERATE_INFOPLIST_FILE = YES;
				MARKETING_VERSION = 1.0;
				PRODUCT_BUNDLE_IDENTIFIER = com.gmail.tukareta.nori.ARSampleToFaceAppUITests;
				PRODUCT_NAME = "$(TARGET_NAME)";
				SWIFT_EMIT_LOC_STRINGS = NO;
				SWIFT_VERSION = 5.0;
				TARGETED_DEVICE_FAMILY = "1,2";
				TEST_TARGET_NAME = ARSampleToFaceApp;
			};
			name = Debug;
		};
		8C3A0E512A89633900E0C1C6 /* Release */ = {
			isa = XCBuildConfiguration;
			buildSettings = {
				ALWAYS_EMBED_SWIFT_STANDARD_LIBRARIES = YES;
				CODE_SIGN_STYLE = Automatic;
				CURRENT_PROJECT_VERSION = 1;
				DEVELOPMENT_TEAM = 4VA5NBL27P;
				GENERATE_INFOPLIST_FILE = YES;
				MARKETING_VERSION = 1.0;
				PRODUCT_BUNDLE_IDENTIFIER = com.gmail.tukareta.nori.ARSampleToFaceAppUITests;
				PRODUCT_NAME = "$(TARGET_NAME)";
				SWIFT_EMIT_LOC_STRINGS = NO;
				SWIFT_VERSION = 5.0;
				TARGETED_DEVICE_FAMILY = "1,2";
				TEST_TARGET_NAME = ARSampleToFaceApp;
			};
			name = Release;
		};
/* End XCBuildConfiguration section */

/* Begin XCConfigurationList section */
		8C3A0E1E2A89633400E0C1C6 /* Build configuration list for PBXProject "ARSampleToFaceApp" */ = {
			isa = XCConfigurationList;
			buildConfigurations = (
				8C3A0E472A89633900E0C1C6 /* Debug */,
				8C3A0E482A89633900E0C1C6 /* Release */,
			);
			defaultConfigurationIsVisible = 0;
			defaultConfigurationName = Release;
		};
		8C3A0E492A89633900E0C1C6 /* Build configuration list for PBXNativeTarget "ARSampleToFaceApp" */ = {
			isa = XCConfigurationList;
			buildConfigurations = (
				8C3A0E4A2A89633900E0C1C6 /* Debug */,
				8C3A0E4B2A89633900E0C1C6 /* Release */,
			);
			defaultConfigurationIsVisible = 0;
			defaultConfigurationName = Release;
		};
		8C3A0E4C2A89633900E0C1C6 /* Build configuration list for PBXNativeTarget "ARSampleToFaceAppTests" */ = {
			isa = XCConfigurationList;
			buildConfigurations = (
				8C3A0E4D2A89633900E0C1C6 /* Debug */,
				8C3A0E4E2A89633900E0C1C6 /* Release */,
			);
			defaultConfigurationIsVisible = 0;
			defaultConfigurationName = Release;
		};
		8C3A0E4F2A89633900E0C1C6 /* Build configuration list for PBXNativeTarget "ARSampleToFaceAppUITests" */ = {
			isa = XCConfigurationList;
			buildConfigurations = (
				8C3A0E502A89633900E0C1C6 /* Debug */,
				8C3A0E512A89633900E0C1C6 /* Release */,
			);
			defaultConfigurationIsVisible = 0;
			defaultConfigurationName = Release;
		};
/* End XCConfigurationList section */
	};
	rootObject = 8C3A0E1B2A89633400E0C1C6 /* Project object */;
}
